
Microsoft Visual Studio Solution File, Format Version 12.00
# Visual Studio Version 17
VisualStudioVersion = 17.9.34701.34
MinimumVisualStudioVersion = 10.0.40219.1
Project("{9A19103F-16F7-4668-BE54-9A1E7A4F7556}") = "VendingMachineForm", "VendingMachineForm\VendingMachineForm.csproj", "{9F9EE73D-FF2B-441A-B63B-2C4BF177779F}"
EndProject
Project("{9A19103F-16F7-4668-BE54-9A1E7A4F7556}") = "Repositories", "Repositories\Repositories.csproj", "{06CC0288-6CB3-4353-8A0B-85C433CB5802}"
EndProject
Project("{9A19103F-16F7-4668-BE54-9A1E7A4F7556}") = "Services", "Services\Services.csproj", "{0299C481-1A8A-4A6E-9E2B-FC0A387DC9C0}"
EndProject
Project("{9A19103F-16F7-4668-BE54-9A1E7A4F7556}") = "Entities", "Entities\Entities.csproj", "{B80D2D76-764D-410D-AC89-0BB386549C43}"
EndProject
Project("{FAE04EC0-301F-11D3-BF4B-00C04F79EFBC}") = "ConsoleApp1", "ConsoleApp1\ConsoleApp1.csproj", "{96AD121E-E69B-4A5E-AFAC-944A38D6DD3F}"
EndProject
Global
	GlobalSection(SolutionConfigurationPlatforms) = preSolution
		Debug|Any CPU = Debug|Any CPU
		Release|Any CPU = Release|Any CPU
	EndGlobalSection
	GlobalSection(ProjectConfigurationPlatforms) = postSolution
		{9F9EE73D-FF2B-441A-B63B-2C4BF177779F}.Debug|Any CPU.ActiveCfg = Debug|Any CPU
		{9F9EE73D-FF2B-441A-B63B-2C4BF177779F}.Debug|Any CPU.Build.0 = Debug|Any CPU
		{9F9EE73D-FF2B-441A-B63B-2C4BF177779F}.Release|Any CPU.ActiveCfg = Release|Any CPU
		{9F9EE73D-FF2B-441A-B63B-2C4BF177779F}.Release|Any CPU.Build.0 = Release|Any CPU
		{06CC0288-6CB3-4353-8A0B-85C433CB5802}.Debug|Any CPU.ActiveCfg = Debug|Any CPU
		{06CC0288-6CB3-4353-8A0B-85C433CB5802}.Debug|Any CPU.Build.0 = Debug|Any CPU
		{06CC0288-6CB3-4353-8A0B-85C433CB5802}.Release|Any CPU.ActiveCfg = Release|Any CPU
		{06CC0288-6CB3-4353-8A0B-85C433CB5802}.Release|Any CPU.Build.0 = Release|Any CPU
		{0299C481-1A8A-4A6E-9E2B-FC0A387DC9C0}.Debug|Any CPU.ActiveCfg = Debug|Any CPU
		{0299C481-1A8A-4A6E-9E2B-FC0A387DC9C0}.Debug|Any CPU.Build.0 = Debug|Any CPU
		{0299C481-1A8A-4A6E-9E2B-FC0A387DC9C0}.Release|Any CPU.ActiveCfg = Release|Any CPU
		{0299C481-1A8A-4A6E-9E2B-FC0A387DC9C0}.Release|Any CPU.Build.0 = Release|Any CPU
		{B80D2D76-764D-410D-AC89-0BB386549C43}.Debug|Any CPU.ActiveCfg = Debug|Any CPU
		{B80D2D76-764D-410D-AC89-0BB386549C43}.Debug|Any CPU.Build.0 = Debug|Any CPU
		{B80D2D76-764D-410D-AC89-0BB386549C43}.Release|Any CPU.ActiveCfg = Release|Any CPU
		{B80D2D76-764D-410D-AC89-0BB386549C43}.Release|Any CPU.Build.0 = Release|Any CPU
		{96AD121E-E69B-4A5E-AFAC-944A38D6DD3F}.Debug|Any CPU.ActiveCfg = Debug|Any CPU
		{96AD121E-E69B-4A5E-AFAC-944A38D6DD3F}.Debug|Any CPU.Build.0 = Debug|Any CPU
		{96AD121E-E69B-4A5E-AFAC-944A38D6DD3F}.Release|Any CPU.ActiveCfg = Release|Any CPU
		{96AD121E-E69B-4A5E-AFAC-944A38D6DD3F}.Release|Any CPU.Build.0 = Release|Any CPU
	EndGlobalSection
	GlobalSection(SolutionProperties) = preSolution
		HideSolutionNode = FALSE
	EndGlobalSection
	GlobalSection(ExtensibilityGlobals) = postSolution
		SolutionGuid = {82DA0678-FBA9-4F16-AA7D-E3A3FC25D9EB}
	EndGlobalSection
EndGlobal
